
Microsoft Visual Studio Solution File, Format Version 12.00
# Visual Studio Version 17
VisualStudioVersion = 17.2.32630.192
MinimumVisualStudioVersion = 10.0.40219.1
Project("{FAE04EC0-301F-11D3-BF4B-00C04F79EFBC}") = "CoreApplication", "CoreApplication\CoreApplication.csproj", "{690B0A1D-296C-44C3-A4C0-AC4D38B045AB}"
EndProject
Global
	GlobalSection(SolutionConfigurationPlatforms) = preSolution
		Debug|Any CPU = Debug|Any CPU
		Release|Any CPU = Release|Any CPU
	EndGlobalSection
	GlobalSection(ProjectConfigurationPlatforms) = postSolution
		{690B0A1D-296C-44C3-A4C0-AC4D38B045AB}.Debug|Any CPU.ActiveCfg = Debug|Any CPU
		{690B0A1D-296C-44C3-A4C0-AC4D38B045AB}.Debug|Any CPU.Build.0 = Debug|Any CPU
		{690B0A1D-296C-44C3-A4C0-AC4D38B045AB}.Release|Any CPU.ActiveCfg = Release|Any CPU
		{690B0A1D-296C-44C3-A4C0-AC4D38B045AB}.Release|Any CPU.Build.0 = Release|Any CPU
	EndGlobalSection
	GlobalSection(SolutionProperties) = preSolution
		HideSolutionNode = FALSE
	EndGlobalSection
	GlobalSection(ExtensibilityGlobals) = postSolution
		SolutionGuid = {33292BF8-1152-4CAE-94BA-1921339D3DE6}
	EndGlobalSection
EndGlobal
